
Microsoft Visual Studio Solution File, Format Version 12.00
# Visual Studio Version 17
VisualStudioVersion = 17.6.33723.286
MinimumVisualStudioVersion = 10.0.40219.1
Project("{FAE04EC0-301F-11D3-BF4B-00C04F79EFBC}") = "CRUD BASICO-MVC", "CRUD BASICO-MVC\CRUD BASICO-MVC.csproj", "{4F3FC514-9035-40ED-A3E0-43CDEA09C620}"
EndProject
Global
	GlobalSection(SolutionConfigurationPlatforms) = preSolution
		Debug|Any CPU = Debug|Any CPU
		Release|Any CPU = Release|Any CPU
	EndGlobalSection
	GlobalSection(ProjectConfigurationPlatforms) = postSolution
		{4F3FC514-9035-40ED-A3E0-43CDEA09C620}.Debug|Any CPU.ActiveCfg = Debug|Any CPU
		{4F3FC514-9035-40ED-A3E0-43CDEA09C620}.Debug|Any CPU.Build.0 = Debug|Any CPU
		{4F3FC514-9035-40ED-A3E0-43CDEA09C620}.Release|Any CPU.ActiveCfg = Release|Any CPU
		{4F3FC514-9035-40ED-A3E0-43CDEA09C620}.Release|Any CPU.Build.0 = Release|Any CPU
	EndGlobalSection
	GlobalSection(SolutionProperties) = preSolution
		HideSolutionNode = FALSE
	EndGlobalSection
	GlobalSection(ExtensibilityGlobals) = postSolution
		SolutionGuid = {74444165-347E-448A-B32A-73366B1FF437}
	EndGlobalSection
EndGlobal
